
Microsoft Visual Studio Solution File, Format Version 12.00
# Visual Studio 15
VisualStudioVersion = 15.0.28010.2048
MinimumVisualStudioVersion = 10.0.40219.1
Project("{FAE04EC0-301F-11D3-BF4B-00C04F79EFBC}") = "UP_lab10", "UP_lab10\UP_lab10.csproj", "{22E37A5A-DFDF-4AE5-ADCC-AACF1C9E0D5E}"
EndProject
Global
	GlobalSection(SolutionConfigurationPlatforms) = preSolution
		Debug|Any CPU = Debug|Any CPU
		Release|Any CPU = Release|Any CPU
	EndGlobalSection
	GlobalSection(ProjectConfigurationPlatforms) = postSolution
		{22E37A5A-DFDF-4AE5-ADCC-AACF1C9E0D5E}.Debug|Any CPU.ActiveCfg = Debug|Any CPU
		{22E37A5A-DFDF-4AE5-ADCC-AACF1C9E0D5E}.Debug|Any CPU.Build.0 = Debug|Any CPU
		{22E37A5A-DFDF-4AE5-ADCC-AACF1C9E0D5E}.Release|Any CPU.ActiveCfg = Release|Any CPU
		{22E37A5A-DFDF-4AE5-ADCC-AACF1C9E0D5E}.Release|Any CPU.Build.0 = Release|Any CPU
	EndGlobalSection
	GlobalSection(SolutionProperties) = preSolution
		HideSolutionNode = FALSE
	EndGlobalSection
	GlobalSection(ExtensibilityGlobals) = postSolution
		SolutionGuid = {BE288C0A-825D-4F93-97FE-5B27C1DF75EC}
	EndGlobalSection
EndGlobal
